github.com/mikeschinkel/go-cliutil v0.1.0 h1:r/CM2WpyEFs3sYdoxNovH9ps9lrqtmj7G7l/Qwf1u8A=
github.com/mikeschinkel/go-cliutil v0.1.0/go.mod h1:AszTtzKuZSm4SmlHe/zrhuZvQq0jh2Y7qKtpt8bYGFo=
github.com/mikeschinkel/go-dt v0.2.3 h1:w9TKWxuQyxcum1otL/KYi+RloqMSPUJjoXVX4Fmf6K4=
github.com/mikeschinkel/go-dt v0.2.3/go.mod h1:KJYRXePwYdBr57WhtRgDagOb7Ih/ORxE/kG4Mg6c8iE=
github.com/mikeschinkel/go-dt/appinfo v0.2.1 h1:5BB8HQtGFyZ0qCG2DoBSeDBc9CblEJefUoR/4WxZXiw=
github.com/mikeschinkel/go-dt/appinfo v0.2.1/go.mod h1:OW7bt0cwIdM8brbREnLByJJlODESIaHsEY+pvXxDEiQ=
